
Microsoft Visual Studio Solution File, Format Version 12.00
# Visual Studio Version 16
VisualStudioVersion = 16.0.29926.136
MinimumVisualStudioVersion = 10.0.40219.1
Project("{FAE04EC0-301F-11D3-BF4B-00C04F79EFBC}") = "CQCViewer.UI.Web", "CQCViewer.UI.Web\CQCViewer.UI.Web.csproj", "{AAC25CFD-904A-4389-84D8-CDF79C062D24}"
EndProject
Project("{FAE04EC0-301F-11D3-BF4B-00C04F79EFBC}") = "CQCViewer.Shared", "CQCViewer.Shared\CQCViewer.Shared.csproj", "{6F610338-ACA4-4393-A02B-1E0CC78FE19E}"
EndProject
Project("{2150E333-8FDC-42A3-9474-1A3956D46DE8}") = "Solution Items", "Solution Items", "{EA5B15A7-4DF2-4185-8F81-679C72995755}"
	ProjectSection(SolutionItems) = preProject
		.editorconfig = .editorconfig
	EndProjectSection
EndProject
Project("{FAE04EC0-301F-11D3-BF4B-00C04F79EFBC}") = "CQCViewer.UI.ConsoleApp", "CQCViewer.UI.ConsoleApp\CQCViewer.UI.ConsoleApp.csproj", "{081DC458-AD1A-48E7-9D62-C4C4721A8FB9}"
EndProject
Global
	GlobalSection(SolutionConfigurationPlatforms) = preSolution
		Debug|Any CPU = Debug|Any CPU
		Release|Any CPU = Release|Any CPU
	EndGlobalSection
	GlobalSection(ProjectConfigurationPlatforms) = postSolution
		{AAC25CFD-904A-4389-84D8-CDF79C062D24}.Debug|Any CPU.ActiveCfg = Debug|Any CPU
		{AAC25CFD-904A-4389-84D8-CDF79C062D24}.Debug|Any CPU.Build.0 = Debug|Any CPU
		{AAC25CFD-904A-4389-84D8-CDF79C062D24}.Release|Any CPU.ActiveCfg = Release|Any CPU
		{AAC25CFD-904A-4389-84D8-CDF79C062D24}.Release|Any CPU.Build.0 = Release|Any CPU
		{6F610338-ACA4-4393-A02B-1E0CC78FE19E}.Debug|Any CPU.ActiveCfg = Debug|Any CPU
		{6F610338-ACA4-4393-A02B-1E0CC78FE19E}.Debug|Any CPU.Build.0 = Debug|Any CPU
		{6F610338-ACA4-4393-A02B-1E0CC78FE19E}.Release|Any CPU.ActiveCfg = Release|Any CPU
		{6F610338-ACA4-4393-A02B-1E0CC78FE19E}.Release|Any CPU.Build.0 = Release|Any CPU
		{081DC458-AD1A-48E7-9D62-C4C4721A8FB9}.Debug|Any CPU.ActiveCfg = Debug|Any CPU
		{081DC458-AD1A-48E7-9D62-C4C4721A8FB9}.Debug|Any CPU.Build.0 = Debug|Any CPU
		{081DC458-AD1A-48E7-9D62-C4C4721A8FB9}.Release|Any CPU.ActiveCfg = Release|Any CPU
		{081DC458-AD1A-48E7-9D62-C4C4721A8FB9}.Release|Any CPU.Build.0 = Release|Any CPU
	EndGlobalSection
	GlobalSection(SolutionProperties) = preSolution
		HideSolutionNode = FALSE
	EndGlobalSection
	GlobalSection(ExtensibilityGlobals) = postSolution
		SolutionGuid = {E2271D05-FF73-4EDC-BCF2-4316ED4C9F7E}
	EndGlobalSection
EndGlobal
